
Microsoft Visual Studio Solution File, Format Version 12.00
# Visual Studio Version 17
VisualStudioVersion = 17.8.34330.188
MinimumVisualStudioVersion = 10.0.40219.1
Project("{FAE04EC0-301F-11D3-BF4B-00C04F79EFBC}") = "LogCollector.Core", "LogCollector.Core\LogCollector.Core.csproj", "{BDD640FB-0667-1AD1-1C80-317FA3B1799D}"
EndProject
Project("{FAE04EC0-301F-11D3-BF4B-00C04F79EFBC}") = "LogCollector.Application", "LogCollector.Application\LogCollector.Application.csproj", "{23B8C1E9-3924-56DE-3EB1-3B9046685257}"
EndProject
Project("{FAE04EC0-301F-11D3-BF4B-00C04F79EFBC}") = "LogCollector.Infrastructure", "LogCollector.Infrastructure\LogCollector.Infrastructure.csproj", "{BD9C66B3-AD3C-2D6D-1A3D-1FA7BC8960A9}"
EndProject
Project("{FAE04EC0-301F-11D3-BF4B-00C04F79EFBC}") = "LogCollector.Host", "LogCollector.Host\LogCollector.Host.csproj", "{972A8469-1641-9F82-8B9D-2434E465E150}"
EndProject
Project("{FAE04EC0-301F-11D3-BF4B-00C04F79EFBC}") = "LogCollector.Tests", "LogCollector.Tests\LogCollector.Tests.csproj", "{17FC695A-07A0-CA6E-0822-E8F36C031199}"
EndProject
Global
	GlobalSection(SolutionConfigurationPlatforms) = preSolution
		Debug|Any CPU = Debug|Any CPU
		Release|Any CPU = Release|Any CPU
	EndGlobalSection
	GlobalSection(ProjectConfigurationPlatforms) = postSolution
		{BDD640FB-0667-1AD1-1C80-317FA3B1799D}.Debug|Any CPU.ActiveCfg = Debug|Any CPU
		{BDD640FB-0667-1AD1-1C80-317FA3B1799D}.Debug|Any CPU.Build.0 = Debug|Any CPU
		{BDD640FB-0667-1AD1-1C80-317FA3B1799D}.Release|Any CPU.ActiveCfg = Release|Any CPU
		{BDD640FB-0667-1AD1-1C80-317FA3B1799D}.Release|Any CPU.Build.0 = Release|Any CPU
		{23B8C1E9-3924-56DE-3EB1-3B9046685257}.Debug|Any CPU.ActiveCfg = Debug|Any CPU
		{23B8C1E9-3924-56DE-3EB1-3B9046685257}.Debug|Any CPU.Build.0 = Debug|Any CPU
		{23B8C1E9-3924-56DE-3EB1-3B9046685257}.Release|Any CPU.ActiveCfg = Release|Any CPU
		{23B8C1E9-3924-56DE-3EB1-3B9046685257}.Release|Any CPU.Build.0 = Release|Any CPU
		{BD9C66B3-AD3C-2D6D-1A3D-1FA7BC8960A9}.Debug|Any CPU.ActiveCfg = Debug|Any CPU
		{BD9C66B3-AD3C-2D6D-1A3D-1FA7BC8960A9}.Debug|Any CPU.Build.0 = Debug|Any CPU
		{BD9C66B3-AD3C-2D6D-1A3D-1FA7BC8960A9}.Release|Any CPU.ActiveCfg = Release|Any CPU
		{BD9C66B3-AD3C-2D6D-1A3D-1FA7BC8960A9}.Release|Any CPU.Build.0 = Release|Any CPU
		{972A8469-1641-9F82-8B9D-2434E465E150}.Debug|Any CPU.ActiveCfg = Debug|Any CPU
		{972A8469-1641-9F82-8B9D-2434E465E150}.Debug|Any CPU.Build.0 = Debug|Any CPU
		{972A8469-1641-9F82-8B9D-2434E465E150}.Release|Any CPU.ActiveCfg = Release|Any CPU
		{972A8469-1641-9F82-8B9D-2434E465E150}.Release|Any CPU.Build.0 = Release|Any CPU
		{17FC695A-07A0-CA6E-0822-E8F36C031199}.Debug|Any CPU.ActiveCfg = Debug|Any CPU
		{17FC695A-07A0-CA6E-0822-E8F36C031199}.Debug|Any CPU.Build.0 = Debug|Any CPU
		{17FC695A-07A0-CA6E-0822-E8F36C031199}.Release|Any CPU.ActiveCfg = Release|Any CPU
		{17FC695A-07A0-CA6E-0822-E8F36C031199}.Release|Any CPU.Build.0 = Release|Any CPU
	EndGlobalSection
	GlobalSection(SolutionProperties) = preSolution
		HideSolutionNode = FALSE
	EndGlobalSection
EndGlobal
