
Microsoft Visual Studio Solution File, Format Version 12.00
# Visual Studio Version 17
VisualStudioVersion = 17.0.31903.59
MinimumVisualStudioVersion = 10.0.40219.1
Project("{2150E333-8FDC-42A3-9474-1A3956D46DE8}") = "src", "src", "{827E0CD3-B72D-47B6-A68D-7590B98EB39B}"
EndProject
Project("{FAE04EC0-301F-11D3-BF4B-00C04F79EFBC}") = "LogCollector.Core", "src\LogCollector.Core\LogCollector.Core.csproj", "{60834D77-809B-4B69-AAE9-4659341D15F2}"
EndProject
Project("{FAE04EC0-301F-11D3-BF4B-00C04F79EFBC}") = "LogCollector.Application", "src\LogCollector.Application\LogCollector.Application.csproj", "{8F8A8104-2ADD-452F-BF79-8FA1584FCED9}"
EndProject
Project("{2150E333-8FDC-42A3-9474-1A3956D46DE8}") = "test", "test", "{0C88DD14-F956-CE84-757C-A364CCF449FC}"
EndProject
Project("{FAE04EC0-301F-11D3-BF4B-00C04F79EFBC}") = "LogCollectorTests", "test\LogCollectorTests\LogCollectorTests.csproj", "{AAE5D351-16A7-4640-BF31-37C82B80DACB}"
EndProject
Project("{FAE04EC0-301F-11D3-BF4B-00C04F79EFBC}") = "LogCollector.Host", "src\LogCollector.Host\LogCollector.Host.csproj", "{F09A1D6F-CBC9-47C3-BD42-6C8618087699}"
EndProject
Project("{FAE04EC0-301F-11D3-BF4B-00C04F79EFBC}") = "LogCollector.Infrastructure", "..\NET\LogCollector\src\LogCollector.Infrastructure\LogCollector.Infrastructure.csproj", "{10E44CBA-019D-E128-07CE-B781B19CDE99}"
EndProject
Global
	GlobalSection(SolutionConfigurationPlatforms) = preSolution
		Debug|Any CPU = Debug|Any CPU
		Debug|x64 = Debug|x64
		Debug|x86 = Debug|x86
		Release|Any CPU = Release|Any CPU
		Release|x64 = Release|x64
		Release|x86 = Release|x86
	EndGlobalSection
	GlobalSection(ProjectConfigurationPlatforms) = postSolution
		{60834D77-809B-4B69-AAE9-4659341D15F2}.Debug|Any CPU.ActiveCfg = Debug|Any CPU
		{60834D77-809B-4B69-AAE9-4659341D15F2}.Debug|Any CPU.Build.0 = Debug|Any CPU
		{60834D77-809B-4B69-AAE9-4659341D15F2}.Debug|x64.ActiveCfg = Debug|Any CPU
		{60834D77-809B-4B69-AAE9-4659341D15F2}.Debug|x64.Build.0 = Debug|Any CPU
		{60834D77-809B-4B69-AAE9-4659341D15F2}.Debug|x86.ActiveCfg = Debug|Any CPU
		{60834D77-809B-4B69-AAE9-4659341D15F2}.Debug|x86.Build.0 = Debug|Any CPU
		{60834D77-809B-4B69-AAE9-4659341D15F2}.Release|Any CPU.ActiveCfg = Release|Any CPU
		{60834D77-809B-4B69-AAE9-4659341D15F2}.Release|Any CPU.Build.0 = Release|Any CPU
		{60834D77-809B-4B69-AAE9-4659341D15F2}.Release|x64.ActiveCfg = Release|Any CPU
		{60834D77-809B-4B69-AAE9-4659341D15F2}.Release|x64.Build.0 = Release|Any CPU
		{60834D77-809B-4B69-AAE9-4659341D15F2}.Release|x86.ActiveCfg = Release|Any CPU
		{60834D77-809B-4B69-AAE9-4659341D15F2}.Release|x86.Build.0 = Release|Any CPU
		{8F8A8104-2ADD-452F-BF79-8FA1584FCED9}.Debug|Any CPU.ActiveCfg = Debug|Any CPU
		{8F8A8104-2ADD-452F-BF79-8FA1584FCED9}.Debug|Any CPU.Build.0 = Debug|Any CPU
		{8F8A8104-2ADD-452F-BF79-8FA1584FCED9}.Debug|x64.ActiveCfg = Debug|Any CPU
		{8F8A8104-2ADD-452F-BF79-8FA1584FCED9}.Debug|x64.Build.0 = Debug|Any CPU
		{8F8A8104-2ADD-452F-BF79-8FA1584FCED9}.Debug|x86.ActiveCfg = Debug|Any CPU
		{8F8A8104-2ADD-452F-BF79-8FA1584FCED9}.Debug|x86.Build.0 = Debug|Any CPU
		{8F8A8104-2ADD-452F-BF79-8FA1584FCED9}.Release|Any CPU.ActiveCfg = Release|Any CPU
		{8F8A8104-2ADD-452F-BF79-8FA1584FCED9}.Release|Any CPU.Build.0 = Release|Any CPU
		{8F8A8104-2ADD-452F-BF79-8FA1584FCED9}.Release|x64.ActiveCfg = Release|Any CPU
		{8F8A8104-2ADD-452F-BF79-8FA1584FCED9}.Release|x64.Build.0 = Release|Any CPU
		{8F8A8104-2ADD-452F-BF79-8FA1584FCED9}.Release|x86.ActiveCfg = Release|Any CPU
		{8F8A8104-2ADD-452F-BF79-8FA1584FCED9}.Release|x86.Build.0 = Release|Any CPU
		{AAE5D351-16A7-4640-BF31-37C82B80DACB}.Debug|Any CPU.ActiveCfg = Debug|Any CPU
		{AAE5D351-16A7-4640-BF31-37C82B80DACB}.Debug|Any CPU.Build.0 = Debug|Any CPU
		{AAE5D351-16A7-4640-BF31-37C82B80DACB}.Debug|x64.ActiveCfg = Debug|Any CPU
		{AAE5D351-16A7-4640-BF31-37C82B80DACB}.Debug|x64.Build.0 = Debug|Any CPU
		{AAE5D351-16A7-4640-BF31-37C82B80DACB}.Debug|x86.ActiveCfg = Debug|Any CPU
		{AAE5D351-16A7-4640-BF31-37C82B80DACB}.Debug|x86.Build.0 = Debug|Any CPU
		{AAE5D351-16A7-4640-BF31-37C82B80DACB}.Release|Any CPU.ActiveCfg = Release|Any CPU
		{AAE5D351-16A7-4640-BF31-37C82B80DACB}.Release|Any CPU.Build.0 = Release|Any CPU
		{AAE5D351-16A7-4640-BF31-37C82B80DACB}.Release|x64.ActiveCfg = Release|Any CPU
		{AAE5D351-16A7-4640-BF31-37C82B80DACB}.Release|x64.Build.0 = Release|Any CPU
		{AAE5D351-16A7-4640-BF31-37C82B80DACB}.Release|x86.ActiveCfg = Release|Any CPU
		{AAE5D351-16A7-4640-BF31-37C82B80DACB}.Release|x86.Build.0 = Release|Any CPU
		{F09A1D6F-CBC9-47C3-BD42-6C8618087699}.Debug|Any CPU.ActiveCfg = Debug|Any CPU
		{F09A1D6F-CBC9-47C3-BD42-6C8618087699}.Debug|Any CPU.Build.0 = Debug|Any CPU
		{F09A1D6F-CBC9-47C3-BD42-6C8618087699}.Debug|x64.ActiveCfg = Debug|Any CPU
		{F09A1D6F-CBC9-47C3-BD42-6C8618087699}.Debug|x64.Build.0 = Debug|Any CPU
		{F09A1D6F-CBC9-47C3-BD42-6C8618087699}.Debug|x86.ActiveCfg = Debug|Any CPU
		{F09A1D6F-CBC9-47C3-BD42-6C8618087699}.Debug|x86.Build.0 = Debug|Any CPU
		{F09A1D6F-CBC9-47C3-BD42-6C8618087699}.Release|Any CPU.ActiveCfg = Release|Any CPU
		{F09A1D6F-CBC9-47C3-BD42-6C8618087699}.Release|Any CPU.Build.0 = Release|Any CPU
		{F09A1D6F-CBC9-47C3-BD42-6C8618087699}.Release|x64.ActiveCfg = Release|Any CPU
		{F09A1D6F-CBC9-47C3-BD42-6C8618087699}.Release|x64.Build.0 = Release|Any CPU
		{F09A1D6F-CBC9-47C3-BD42-6C8618087699}.Release|x86.ActiveCfg = Release|Any CPU
		{F09A1D6F-CBC9-47C3-BD42-6C8618087699}.Release|x86.Build.0 = Release|Any CPU
		{10E44CBA-019D-E128-07CE-B781B19CDE99}.Debug|Any CPU.ActiveCfg = Debug|Any CPU
		{10E44CBA-019D-E128-07CE-B781B19CDE99}.Debug|Any CPU.Build.0 = Debug|Any CPU
		{10E44CBA-019D-E128-07CE-B781B19CDE99}.Debug|x64.ActiveCfg = Debug|Any CPU
		{10E44CBA-019D-E128-07CE-B781B19CDE99}.Debug|x64.Build.0 = Debug|Any CPU
		{10E44CBA-019D-E128-07CE-B781B19CDE99}.Debug|x86.ActiveCfg = Debug|Any CPU
		{10E44CBA-019D-E128-07CE-B781B19CDE99}.Debug|x86.Build.0 = Debug|Any CPU
		{10E44CBA-019D-E128-07CE-B781B19CDE99}.Release|Any CPU.ActiveCfg = Release|Any CPU
		{10E44CBA-019D-E128-07CE-B781B19CDE99}.Release|Any CPU.Build.0 = Release|Any CPU
		{10E44CBA-019D-E128-07CE-B781B19CDE99}.Release|x64.ActiveCfg = Release|Any CPU
		{10E44CBA-019D-E128-07CE-B781B19CDE99}.Release|x64.Build.0 = Release|Any CPU
		{10E44CBA-019D-E128-07CE-B781B19CDE99}.Release|x86.ActiveCfg = Release|Any CPU
		{10E44CBA-019D-E128-07CE-B781B19CDE99}.Release|x86.Build.0 = Release|Any CPU
	EndGlobalSection
	GlobalSection(SolutionProperties) = preSolution
		HideSolutionNode = FALSE
	EndGlobalSection
	GlobalSection(NestedProjects) = preSolution
		{60834D77-809B-4B69-AAE9-4659341D15F2} = {827E0CD3-B72D-47B6-A68D-7590B98EB39B}
		{8F8A8104-2ADD-452F-BF79-8FA1584FCED9} = {827E0CD3-B72D-47B6-A68D-7590B98EB39B}
		{AAE5D351-16A7-4640-BF31-37C82B80DACB} = {0C88DD14-F956-CE84-757C-A364CCF449FC}
		{F09A1D6F-CBC9-47C3-BD42-6C8618087699} = {827E0CD3-B72D-47B6-A68D-7590B98EB39B}
		{10E44CBA-019D-E128-07CE-B781B19CDE99} = {827E0CD3-B72D-47B6-A68D-7590B98EB39B}
	EndGlobalSection
	GlobalSection(ExtensibilityGlobals) = postSolution
		SolutionGuid = {337B8B28-685C-426E-B58A-91CA4CB4BE2F}
	EndGlobalSection
EndGlobal
